# This file is automatically @generated by Cargo.
# It is not intended for manual editing.
version = 3

[[package]]
name = "bl_ast"
version = "0.1.0"

[[package]]
name = "bl_lints"
version = "0.1.0"

[[package]]
name = "bl_parse"
version = "0.1.0"

[[package]]
name = "bracketlint"
version = "0.1.0"
